
Microsoft Visual Studio Solution File, Format Version 12.00
# Visual Studio Version 17
VisualStudioVersion = 17.14.36518.9 d17.14
MinimumVisualStudioVersion = 10.0.40219.1
Project("{FAE04EC0-301F-11D3-BF4B-00C04F79EFBC}") = "Cajero", "Cajero.csproj", "{BB64BAC8-F7B2-4827-A902-7CFE43F3F40E}"
EndProject
Global
	GlobalSection(SolutionConfigurationPlatforms) = preSolution
		Debug|Any CPU = Debug|Any CPU
		Release|Any CPU = Release|Any CPU
	EndGlobalSection
	GlobalSection(ProjectConfigurationPlatforms) = postSolution
		{BB64BAC8-F7B2-4827-A902-7CFE43F3F40E}.Debug|Any CPU.ActiveCfg = Debug|Any CPU
		{BB64BAC8-F7B2-4827-A902-7CFE43F3F40E}.Debug|Any CPU.Build.0 = Debug|Any CPU
		{BB64BAC8-F7B2-4827-A902-7CFE43F3F40E}.Release|Any CPU.ActiveCfg = Release|Any CPU
		{BB64BAC8-F7B2-4827-A902-7CFE43F3F40E}.Release|Any CPU.Build.0 = Release|Any CPU
	EndGlobalSection
	GlobalSection(SolutionProperties) = preSolution
		HideSolutionNode = FALSE
	EndGlobalSection
	GlobalSection(ExtensibilityGlobals) = postSolution
		SolutionGuid = {ECEA0267-1EA5-4261-8DAD-BA18D968C03E}
	EndGlobalSection
EndGlobal
